
Microsoft Visual Studio Solution File, Format Version 12.00
# Visual Studio 14
VisualStudioVersion = 14.0.25420.1
MinimumVisualStudioVersion = 10.0.40219.1
Project("{FAE04EC0-301F-11D3-BF4B-00C04F79EFBC}") = "ImageService", "ImageService\ImageService.csproj", "{E24A5179-5B6E-4A03-9B8F-AC3289D77F8E}"
EndProject
Project("{FAE04EC0-301F-11D3-BF4B-00C04F79EFBC}") = "ImageHost", "ImageHost\ImageHost.csproj", "{8A79CAC5-C25E-4DCF-9C24-3D203A159671}"
EndProject
Global
	GlobalSection(SolutionConfigurationPlatforms) = preSolution
		Debug|Any CPU = Debug|Any CPU
		Release|Any CPU = Release|Any CPU
	EndGlobalSection
	GlobalSection(ProjectConfigurationPlatforms) = postSolution
		{E24A5179-5B6E-4A03-9B8F-AC3289D77F8E}.Debug|Any CPU.ActiveCfg = Debug|Any CPU
		{E24A5179-5B6E-4A03-9B8F-AC3289D77F8E}.Debug|Any CPU.Build.0 = Debug|Any CPU
		{E24A5179-5B6E-4A03-9B8F-AC3289D77F8E}.Release|Any CPU.ActiveCfg = Release|Any CPU
		{E24A5179-5B6E-4A03-9B8F-AC3289D77F8E}.Release|Any CPU.Build.0 = Release|Any CPU
		{8A79CAC5-C25E-4DCF-9C24-3D203A159671}.Debug|Any CPU.ActiveCfg = Debug|Any CPU
		{8A79CAC5-C25E-4DCF-9C24-3D203A159671}.Debug|Any CPU.Build.0 = Debug|Any CPU
		{8A79CAC5-C25E-4DCF-9C24-3D203A159671}.Release|Any CPU.ActiveCfg = Release|Any CPU
		{8A79CAC5-C25E-4DCF-9C24-3D203A159671}.Release|Any CPU.Build.0 = Release|Any CPU
	EndGlobalSection
	GlobalSection(SolutionProperties) = preSolution
		HideSolutionNode = FALSE
	EndGlobalSection
EndGlobal
